
Microsoft Visual Studio Solution File, Format Version 12.00
# Visual Studio Version 17
VisualStudioVersion = 17.8.34408.163
MinimumVisualStudioVersion = 10.0.40219.1
Project("{FAE04EC0-301F-11D3-BF4B-00C04F79EFBC}") = "WPF_AutoSkolaa", "WPF_AutoSkolaa\WPF_AutoSkolaa.csproj", "{6F1211FA-C004-4524-920A-B54B5D52447F}"
EndProject
Global
	GlobalSection(SolutionConfigurationPlatforms) = preSolution
		Debug|Any CPU = Debug|Any CPU
		Release|Any CPU = Release|Any CPU
	EndGlobalSection
	GlobalSection(ProjectConfigurationPlatforms) = postSolution
		{6F1211FA-C004-4524-920A-B54B5D52447F}.Debug|Any CPU.ActiveCfg = Debug|Any CPU
		{6F1211FA-C004-4524-920A-B54B5D52447F}.Debug|Any CPU.Build.0 = Debug|Any CPU
		{6F1211FA-C004-4524-920A-B54B5D52447F}.Release|Any CPU.ActiveCfg = Release|Any CPU
		{6F1211FA-C004-4524-920A-B54B5D52447F}.Release|Any CPU.Build.0 = Release|Any CPU
	EndGlobalSection
	GlobalSection(SolutionProperties) = preSolution
		HideSolutionNode = FALSE
	EndGlobalSection
	GlobalSection(ExtensibilityGlobals) = postSolution
		SolutionGuid = {4F46854E-1DEF-4933-A0F3-ECE9B6AA6297}
	EndGlobalSection
EndGlobal
